version = 1
revision = 3
requires-python = ">=3.10"

[[package]]
name = "kametaro"
version = "0.1.0"
source = { editable = "." }

[package.optional-dependencies]
dev = [
    { name = "pythonista-stubs" },
]

[package.metadata]
requires-dist = [{ name = "pythonista-stubs", marker = "extra == 'dev'" }]
provides-extras = ["dev"]

[[package]]
name = "pythonista-stubs"
version = "3.4.1"
source = { registry = "https://pypi.org/simple" }
dependencies = [
    { name = "types-pillow" },
    { name = "typing-extensions" },
]
sdist = { url = "https://files.pythonhosted.org/packages/71/4e/23767c06d5d53b16a040799ed0c3b6f61c699768e91f50486a25f6d2c395/pythonista_stubs-3.4.1.tar.gz", hash = "sha256:096e4bee97a7300374ca0abce6cf5e8cbd11240f83e8e9a1bf4b3abe216b7644", size = 35350, upload-time = "2025-08-13T13:32:04.016Z" }
wheels = [
    { url = "https://files.pythonhosted.org/packages/86/e4/9e54dc3654e85bb501573933f17684f0772fa975116386ce00b4b5ddc3d4/pythonista_stubs-3.4.1-py3-none-any.whl", hash = "sha256:10989c4d3c1ec6f692d165d0f552369a37ae8d9a0fec02ef40fb2f029a2e682a", size = 49611, upload-time = "2025-08-13T13:32:02.835Z" },
]

[[package]]
name = "types-pillow"
version = "10.2.0.20240822"
source = { registry = "https://pypi.org/simple" }
sdist = { url = "https://files.pythonhosted.org/packages/18/4a/4495264dddaa600d65d68bcedb64dcccf9d9da61adff51f7d2ffd8e4c9ce/types-Pillow-10.2.0.20240822.tar.gz", hash = "sha256:559fb52a2ef991c326e4a0d20accb3bb63a7ba8d40eb493e0ecb0310ba52f0d3", size = 35389, upload-time = "2024-08-22T02:32:48.15Z" }
wheels = [
    { url = "https://files.pythonhosted.org/packages/66/23/e81a5354859831fcf54d488d33b80ba6133ea84f874a9c0ec40a4881e133/types_Pillow-10.2.0.20240822-py3-none-any.whl", hash = "sha256:d9dab025aba07aeb12fd50a6799d4eac52a9603488eca09d7662543983f16c5d", size = 54354, upload-time = "2024-08-22T02:32:46.664Z" },
]

[[package]]
name = "typing-extensions"
version = "4.15.0"
source = { registry = "https://pypi.org/simple" }
sdist = { url = "https://files.pythonhosted.org/packages/72/94/1a15dd82efb362ac84269196e94cf00f187f7ed21c242792a923cdb1c61f/typing_extensions-4.15.0.tar.gz", hash = "sha256:0cea48d173cc12fa28ecabc3b837ea3cf6f38c6d1136f85cbaaf598984861466", size = 109391, upload-time = "2025-08-25T13:49:26.313Z" }
wheels = [
    { url = "https://files.pythonhosted.org/packages/18/67/36e9267722cc04a6b9f15c7f3441c2363321a3ea07da7ae0c0707beb2a9c/typing_extensions-4.15.0-py3-none-any.whl", hash = "sha256:f0fa19c6845758ab08074a0cfa8b7aecb71c999ca73d62883bc25cc018c4e548", size = 44614, upload-time = "2025-08-25T13:49:24.86Z" },
]
